# THIS IS AN AUTOGENERATED FILE. DO NOT EDIT THIS FILE DIRECTLY.
# yarn lockfile v1
markdown-it-decorate:
  version "1.2.1"
  resolved "https://registry.yarnpkg.com/markdown-it-decorate/-/markdown-it-decorate-1.2.1.tgz#08a924e963e294a2084e54b10bf711810ba0bdf4"

markdown-it-emoji:
  version "1.3.0"
  resolved "https://registry.yarnpkg.com/markdown-it-emoji/-/markdown-it-emoji-1.3.0.tgz#903ae1a9968c3f17d4e142f115d4ec575e56d2cb"

